
Microsoft Visual Studio Solution File, Format Version 12.00
# Visual Studio 14
VisualStudioVersion = 14.0.23107.0
MinimumVisualStudioVersion = 10.0.40219.1
Project("{FAE04EC0-301F-11D3-BF4B-00C04F79EFBC}") = "AdventOfCode.Day01", "AdventOfCode.Day01\AdventOfCode.Day01.csproj", "{B3A760AB-7239-42D8-9186-2F76B372BF0E}"
EndProject
Project("{FAE04EC0-301F-11D3-BF4B-00C04F79EFBC}") = "AdventOfCode.Day02", "AdventOfCode.Day02\AdventOfCode.Day02.csproj", "{0A0721D9-C8DC-46D8-8E7C-31C4766B46E9}"
EndProject
Project("{FAE04EC0-301F-11D3-BF4B-00C04F79EFBC}") = "AdventOfCode.Day02.Tests", "AdventOfCode.Day02.Tests\AdventOfCode.Day02.Tests.csproj", "{D263687F-E5A2-4BC5-85EA-535F35DED528}"
EndProject
Project("{FAE04EC0-301F-11D3-BF4B-00C04F79EFBC}") = "AdventOfCode.Day03", "AdventOfCode.Day03\AdventOfCode.Day03.csproj", "{01F99879-8C4B-4D38-8F58-B1D8B79D3853}"
EndProject
Project("{FAE04EC0-301F-11D3-BF4B-00C04F79EFBC}") = "AdventOfCode.Day03.Tests", "AdventOfCode.Day03.Tests\AdventOfCode.Day03.Tests.csproj", "{E077DAC5-28ED-4C6A-8E70-8503C15D2F1A}"
EndProject
Project("{FAE04EC0-301F-11D3-BF4B-00C04F79EFBC}") = "AdventOfCode.Day01.Tests", "AdventOfCode.Day01.Tests\AdventOfCode.Day01.Tests.csproj", "{03E0471F-3C4B-4BB5-8DE8-3F36653ECB74}"
EndProject
Project("{FAE04EC0-301F-11D3-BF4B-00C04F79EFBC}") = "AdventOfCode.Day04", "AdventOfCode.Day04\AdventOfCode.Day04.csproj", "{3211C657-6CDF-48D1-9678-5B8E6D35193D}"
EndProject
Project("{FAE04EC0-301F-11D3-BF4B-00C04F79EFBC}") = "AdventOfCode.Day04.Tests", "AdventOfCode.Day04.Tests\AdventOfCode.Day04.Tests.csproj", "{48137E44-B9D5-448D-96C1-135F94893564}"
EndProject
Project("{FAE04EC0-301F-11D3-BF4B-00C04F79EFBC}") = "AdventOfCode.Day05", "AdventOfCode.Day05\AdventOfCode.Day05.csproj", "{8F019D17-AB71-4D9C-BFD0-95EDDEDBD685}"
EndProject
Project("{FAE04EC0-301F-11D3-BF4B-00C04F79EFBC}") = "AdventOfCode.Day05.Tests", "AdventOfCode.Day05.Tests\AdventOfCode.Day05.Tests.csproj", "{7F012E60-2116-455E-BC3D-84CF09AF4DEA}"
EndProject
Project("{FAE04EC0-301F-11D3-BF4B-00C04F79EFBC}") = "AdventOfCode.Day06.Tests", "AdventOfCode.Day06.Tests\AdventOfCode.Day06.Tests.csproj", "{56FBCD70-DA76-4FA6-BD4D-1E3AEAC40ACB}"
EndProject
Project("{FAE04EC0-301F-11D3-BF4B-00C04F79EFBC}") = "AdventOfCode.Day06", "AdventOfCode.Day06\AdventOfCode.Day06.csproj", "{2A4DE5C3-7BA4-4742-86A8-7ABC44F74A1F}"
EndProject
Global
	GlobalSection(SolutionConfigurationPlatforms) = preSolution
		Debug|Any CPU = Debug|Any CPU
		Release|Any CPU = Release|Any CPU
	EndGlobalSection
	GlobalSection(ProjectConfigurationPlatforms) = postSolution
		{B3A760AB-7239-42D8-9186-2F76B372BF0E}.Debug|Any CPU.ActiveCfg = Debug|Any CPU
		{B3A760AB-7239-42D8-9186-2F76B372BF0E}.Debug|Any CPU.Build.0 = Debug|Any CPU
		{B3A760AB-7239-42D8-9186-2F76B372BF0E}.Release|Any CPU.ActiveCfg = Release|Any CPU
		{B3A760AB-7239-42D8-9186-2F76B372BF0E}.Release|Any CPU.Build.0 = Release|Any CPU
		{0A0721D9-C8DC-46D8-8E7C-31C4766B46E9}.Debug|Any CPU.ActiveCfg = Debug|Any CPU
		{0A0721D9-C8DC-46D8-8E7C-31C4766B46E9}.Debug|Any CPU.Build.0 = Debug|Any CPU
		{0A0721D9-C8DC-46D8-8E7C-31C4766B46E9}.Release|Any CPU.ActiveCfg = Release|Any CPU
		{0A0721D9-C8DC-46D8-8E7C-31C4766B46E9}.Release|Any CPU.Build.0 = Release|Any CPU
		{D263687F-E5A2-4BC5-85EA-535F35DED528}.Debug|Any CPU.ActiveCfg = Debug|Any CPU
		{D263687F-E5A2-4BC5-85EA-535F35DED528}.Debug|Any CPU.Build.0 = Debug|Any CPU
		{D263687F-E5A2-4BC5-85EA-535F35DED528}.Release|Any CPU.ActiveCfg = Release|Any CPU
		{D263687F-E5A2-4BC5-85EA-535F35DED528}.Release|Any CPU.Build.0 = Release|Any CPU
		{01F99879-8C4B-4D38-8F58-B1D8B79D3853}.Debug|Any CPU.ActiveCfg = Debug|Any CPU
		{01F99879-8C4B-4D38-8F58-B1D8B79D3853}.Debug|Any CPU.Build.0 = Debug|Any CPU
		{01F99879-8C4B-4D38-8F58-B1D8B79D3853}.Release|Any CPU.ActiveCfg = Release|Any CPU
		{01F99879-8C4B-4D38-8F58-B1D8B79D3853}.Release|Any CPU.Build.0 = Release|Any CPU
		{E077DAC5-28ED-4C6A-8E70-8503C15D2F1A}.Debug|Any CPU.ActiveCfg = Debug|Any CPU
		{E077DAC5-28ED-4C6A-8E70-8503C15D2F1A}.Debug|Any CPU.Build.0 = Debug|Any CPU
		{E077DAC5-28ED-4C6A-8E70-8503C15D2F1A}.Release|Any CPU.ActiveCfg = Release|Any CPU
		{E077DAC5-28ED-4C6A-8E70-8503C15D2F1A}.Release|Any CPU.Build.0 = Release|Any CPU
		{03E0471F-3C4B-4BB5-8DE8-3F36653ECB74}.Debug|Any CPU.ActiveCfg = Debug|Any CPU
		{03E0471F-3C4B-4BB5-8DE8-3F36653ECB74}.Debug|Any CPU.Build.0 = Debug|Any CPU
		{03E0471F-3C4B-4BB5-8DE8-3F36653ECB74}.Release|Any CPU.ActiveCfg = Release|Any CPU
		{03E0471F-3C4B-4BB5-8DE8-3F36653ECB74}.Release|Any CPU.Build.0 = Release|Any CPU
		{3211C657-6CDF-48D1-9678-5B8E6D35193D}.Debug|Any CPU.ActiveCfg = Debug|Any CPU
		{3211C657-6CDF-48D1-9678-5B8E6D35193D}.Debug|Any CPU.Build.0 = Debug|Any CPU
		{3211C657-6CDF-48D1-9678-5B8E6D35193D}.Release|Any CPU.ActiveCfg = Release|Any CPU
		{3211C657-6CDF-48D1-9678-5B8E6D35193D}.Release|Any CPU.Build.0 = Release|Any CPU
		{48137E44-B9D5-448D-96C1-135F94893564}.Debug|Any CPU.ActiveCfg = Debug|Any CPU
		{48137E44-B9D5-448D-96C1-135F94893564}.Debug|Any CPU.Build.0 = Debug|Any CPU
		{48137E44-B9D5-448D-96C1-135F94893564}.Release|Any CPU.ActiveCfg = Release|Any CPU
		{48137E44-B9D5-448D-96C1-135F94893564}.Release|Any CPU.Build.0 = Release|Any CPU
		{8F019D17-AB71-4D9C-BFD0-95EDDEDBD685}.Debug|Any CPU.ActiveCfg = Debug|Any CPU
		{8F019D17-AB71-4D9C-BFD0-95EDDEDBD685}.Debug|Any CPU.Build.0 = Debug|Any CPU
		{8F019D17-AB71-4D9C-BFD0-95EDDEDBD685}.Release|Any CPU.ActiveCfg = Release|Any CPU
		{8F019D17-AB71-4D9C-BFD0-95EDDEDBD685}.Release|Any CPU.Build.0 = Release|Any CPU
		{7F012E60-2116-455E-BC3D-84CF09AF4DEA}.Debug|Any CPU.ActiveCfg = Debug|Any CPU
		{7F012E60-2116-455E-BC3D-84CF09AF4DEA}.Debug|Any CPU.Build.0 = Debug|Any CPU
		{7F012E60-2116-455E-BC3D-84CF09AF4DEA}.Release|Any CPU.ActiveCfg = Release|Any CPU
		{7F012E60-2116-455E-BC3D-84CF09AF4DEA}.Release|Any CPU.Build.0 = Release|Any CPU
		{56FBCD70-DA76-4FA6-BD4D-1E3AEAC40ACB}.Debug|Any CPU.ActiveCfg = Debug|Any CPU
		{56FBCD70-DA76-4FA6-BD4D-1E3AEAC40ACB}.Debug|Any CPU.Build.0 = Debug|Any CPU
		{56FBCD70-DA76-4FA6-BD4D-1E3AEAC40ACB}.Release|Any CPU.ActiveCfg = Release|Any CPU
		{56FBCD70-DA76-4FA6-BD4D-1E3AEAC40ACB}.Release|Any CPU.Build.0 = Release|Any CPU
		{2A4DE5C3-7BA4-4742-86A8-7ABC44F74A1F}.Debug|Any CPU.ActiveCfg = Debug|Any CPU
		{2A4DE5C3-7BA4-4742-86A8-7ABC44F74A1F}.Debug|Any CPU.Build.0 = Debug|Any CPU
		{2A4DE5C3-7BA4-4742-86A8-7ABC44F74A1F}.Release|Any CPU.ActiveCfg = Release|Any CPU
		{2A4DE5C3-7BA4-4742-86A8-7ABC44F74A1F}.Release|Any CPU.Build.0 = Release|Any CPU
	EndGlobalSection
	GlobalSection(SolutionProperties) = preSolution
		HideSolutionNode = FALSE
	EndGlobalSection
EndGlobal
