
Microsoft Visual Studio Solution File, Format Version 12.00
# Visual Studio 2013
VisualStudioVersion = 12.0.40629.0
MinimumVisualStudioVersion = 10.0.40219.1
Project("{FAE04EC0-301F-11D3-BF4B-00C04F79EFBC}") = "AdventOfCode.Day01", "AdventOfCode.Day01\AdventOfCode.Day01.csproj", "{B3A760AB-7239-42D8-9186-2F76B372BF0E}"
EndProject
Project("{FAE04EC0-301F-11D3-BF4B-00C04F79EFBC}") = "AdventOfCode.Day02", "AdventOfCode.Day02\AdventOfCode.Day02.csproj", "{0A0721D9-C8DC-46D8-8E7C-31C4766B46E9}"
EndProject
Project("{FAE04EC0-301F-11D3-BF4B-00C04F79EFBC}") = "AdventOfCode.Day02.Tests", "AdventOfCode.Day02.Tests\AdventOfCode.Day02.Tests.csproj", "{D263687F-E5A2-4BC5-85EA-535F35DED528}"
EndProject
Project("{FAE04EC0-301F-11D3-BF4B-00C04F79EFBC}") = "AdventOfCode.Day03", "AdventOfCode.Day03\AdventOfCode.Day03.csproj", "{01F99879-8C4B-4D38-8F58-B1D8B79D3853}"
EndProject
Project("{FAE04EC0-301F-11D3-BF4B-00C04F79EFBC}") = "AdventOfCode.Day03.Tests", "AdventOfCode.Day03.Tests\AdventOfCode.Day03.Tests.csproj", "{E077DAC5-28ED-4C6A-8E70-8503C15D2F1A}"
EndProject
Project("{FAE04EC0-301F-11D3-BF4B-00C04F79EFBC}") = "AdventOfCode.Day01.Tests", "AdventOfCode.Day01.Tests\AdventOfCode.Day01.Tests.csproj", "{03E0471F-3C4B-4BB5-8DE8-3F36653ECB74}"
EndProject
Project("{FAE04EC0-301F-11D3-BF4B-00C04F79EFBC}") = "AdventOfCode.Day04", "AdventOfCode.Day04\AdventOfCode.Day04.csproj", "{3211C657-6CDF-48D1-9678-5B8E6D35193D}"
EndProject
Project("{FAE04EC0-301F-11D3-BF4B-00C04F79EFBC}") = "AdventOfCode.Day04.Tests", "AdventOfCode.Day04.Tests\AdventOfCode.Day04.Tests.csproj", "{48137E44-B9D5-448D-96C1-135F94893564}"
EndProject
Project("{FAE04EC0-301F-11D3-BF4B-00C04F79EFBC}") = "AdventOfCode.Day05", "AdventOfCode.Day05\AdventOfCode.Day05.csproj", "{8F019D17-AB71-4D9C-BFD0-95EDDEDBD685}"
EndProject
Project("{FAE04EC0-301F-11D3-BF4B-00C04F79EFBC}") = "AdventOfCode.Day05.Tests", "AdventOfCode.Day05.Tests\AdventOfCode.Day05.Tests.csproj", "{7F012E60-2116-455E-BC3D-84CF09AF4DEA}"
EndProject
Project("{FAE04EC0-301F-11D3-BF4B-00C04F79EFBC}") = "AdventOfCode.Day06.Tests", "AdventOfCode.Day06.Tests\AdventOfCode.Day06.Tests.csproj", "{56FBCD70-DA76-4FA6-BD4D-1E3AEAC40ACB}"
EndProject
Project("{FAE04EC0-301F-11D3-BF4B-00C04F79EFBC}") = "AdventOfCode.Day06", "AdventOfCode.Day06\AdventOfCode.Day06.csproj", "{2A4DE5C3-7BA4-4742-86A8-7ABC44F74A1F}"
EndProject
Project("{FAE04EC0-301F-11D3-BF4B-00C04F79EFBC}") = "AdventOfCode.Day07", "AdventOfCode.Day07\AdventOfCode.Day07.csproj", "{DB3756A4-1268-4184-86FE-B5922D388D68}"
EndProject
Project("{FAE04EC0-301F-11D3-BF4B-00C04F79EFBC}") = "AdventOfCode.Day07.Tests", "AdventOfCode.Day07.Tests\AdventOfCode.Day07.Tests.csproj", "{477710D0-B9B0-4B89-B88B-6FE9F8CFCE6B}"
EndProject
Project("{FAE04EC0-301F-11D3-BF4B-00C04F79EFBC}") = "AdventOfCode.Day08.Tests", "AdventOfCode.Day08.Tests\AdventOfCode.Day08.Tests.csproj", "{15CAEB48-E323-4933-AFBD-6102B992994A}"
EndProject
Project("{FAE04EC0-301F-11D3-BF4B-00C04F79EFBC}") = "AdventOfCode.Day08", "AdventOfCode.Day08\AdventOfCode.Day08.csproj", "{8293A89D-7A0C-44F0-BF67-05186F8431CB}"
EndProject
Project("{FAE04EC0-301F-11D3-BF4B-00C04F79EFBC}") = "AdventOfCode.Day09", "AdventOfCode.Day09\AdventOfCode.Day09.csproj", "{D2889B54-D7DF-42A0-B281-D247A463293E}"
EndProject
Project("{FAE04EC0-301F-11D3-BF4B-00C04F79EFBC}") = "AdventOfCode.Day09.Tests", "AdventOfCode.Day09.Tests\AdventOfCode.Day09.Tests.csproj", "{45A76704-BD26-44AD-BDDD-1B8417CFDA6B}"
EndProject
Project("{FAE04EC0-301F-11D3-BF4B-00C04F79EFBC}") = "AdventOfCode.Day10.Tests", "AdventOfCode.Day10.Tests\AdventOfCode.Day10.Tests.csproj", "{1021EA01-9F98-4645-8FB9-D3DAED95E772}"
EndProject
Project("{FAE04EC0-301F-11D3-BF4B-00C04F79EFBC}") = "AdventOfCode.Day10", "AdventOfCode.Day10\AdventOfCode.Day10.csproj", "{0ED9B9F3-C041-4955-A023-CFF7454FBE42}"
EndProject
Project("{FAE04EC0-301F-11D3-BF4B-00C04F79EFBC}") = "AdventOfCode.Day11", "AdventOfCode.Day11\AdventOfCode.Day11.csproj", "{EF225602-4A76-4D4B-809E-69A2DB77EA2E}"
EndProject
Project("{FAE04EC0-301F-11D3-BF4B-00C04F79EFBC}") = "AdventOfCode.Day11.Tests", "AdventOfCode.Day11.Tests\AdventOfCode.Day11.Tests.csproj", "{ED681354-8661-4786-B29D-38296C9F3545}"
EndProject
Project("{FAE04EC0-301F-11D3-BF4B-00C04F79EFBC}") = "AdventOfCode.Day12.Tests", "AdventOfCode.Day12.Tests\AdventOfCode.Day12.Tests.csproj", "{CFC08756-2F02-48F5-96F1-01C67E293FE8}"
EndProject
Project("{FAE04EC0-301F-11D3-BF4B-00C04F79EFBC}") = "AdventOfCode.Day12", "AdventOfCode.Day12\AdventOfCode.Day12.csproj", "{B5029341-3672-435C-BC99-5C989893300B}"
EndProject
Project("{FAE04EC0-301F-11D3-BF4B-00C04F79EFBC}") = "AdventOfCode.Day13", "AdventOfCode.Day13\AdventOfCode.Day13.csproj", "{110EC23D-94B9-4A4B-8CA4-CC0D4851E48F}"
EndProject
Project("{FAE04EC0-301F-11D3-BF4B-00C04F79EFBC}") = "AdventOfCode.Day13.Tests", "AdventOfCode.Day13.Tests\AdventOfCode.Day13.Tests.csproj", "{D4706138-50F9-4C3F-AB93-B367E62393BA}"
EndProject
Project("{FAE04EC0-301F-11D3-BF4B-00C04F79EFBC}") = "AdventOfCode.Day14.Tests", "AdventOfCode.Day14.Tests\AdventOfCode.Day14.Tests.csproj", "{B6B3074E-2032-4607-A2BA-B6FD171DA29A}"
EndProject
Project("{FAE04EC0-301F-11D3-BF4B-00C04F79EFBC}") = "AdventOfCode.Day14", "AdventOfCode.Day14\AdventOfCode.Day14.csproj", "{3A885240-9434-4D8D-AE62-EA6D85D75F03}"
EndProject
Project("{FAE04EC0-301F-11D3-BF4B-00C04F79EFBC}") = "AdventOfCode.Day15", "AdventOfCode.Day15\AdventOfCode.Day15.csproj", "{660DF4CC-482E-49E4-BB7C-5C2917B620CF}"
EndProject
Project("{FAE04EC0-301F-11D3-BF4B-00C04F79EFBC}") = "AdventOfCode.Day15.Tests", "AdventOfCode.Day15.Tests\AdventOfCode.Day15.Tests.csproj", "{F77B81A8-4832-4951-992B-28E9A310CE52}"
EndProject
Project("{FAE04EC0-301F-11D3-BF4B-00C04F79EFBC}") = "AdventOfCode.Common", "AdventOfCode.Common\AdventOfCode.Common.csproj", "{C4B7C62D-66EA-4A3B-8566-56BA57BD2A1D}"
EndProject
Project("{FAE04EC0-301F-11D3-BF4B-00C04F79EFBC}") = "AdventOfCode.Day16", "AdventOfCode.Day16\AdventOfCode.Day16.csproj", "{506F455B-73A8-4500-A5AB-30F5CF741137}"
EndProject
Project("{FAE04EC0-301F-11D3-BF4B-00C04F79EFBC}") = "AdventOfCode.Day16.Tests", "AdventOfCode.Day16.Tests\AdventOfCode.Day16.Tests.csproj", "{8EAC3C7A-B556-405B-8765-8FAA608EE96D}"
EndProject
Project("{FAE04EC0-301F-11D3-BF4B-00C04F79EFBC}") = "AdventOfCode.Day17", "AdventOfCode.Day17\AdventOfCode.Day17.csproj", "{7F38BB82-00AA-43EC-8BC3-31657530EA15}"
EndProject
Project("{FAE04EC0-301F-11D3-BF4B-00C04F79EFBC}") = "AdventOfCode.Day17.Tests", "AdventOfCode.Day17.Tests\AdventOfCode.Day17.Tests.csproj", "{C381C7C9-2593-44DA-B0B6-13D7A5BC9F55}"
EndProject
Project("{FAE04EC0-301F-11D3-BF4B-00C04F79EFBC}") = "AdventOfCode.Day18", "AdventOfCode.Day18\AdventOfCode.Day18.csproj", "{2EAA245C-04D5-4CC7-96FC-114301CBC455}"
EndProject
Project("{FAE04EC0-301F-11D3-BF4B-00C04F79EFBC}") = "AdventOfCode.Day18.Tests", "AdventOfCode.Day18.Tests\AdventOfCode.Day18.Tests.csproj", "{36D16CD7-43B2-4167-9B6E-3A7B5D7FE6F8}"
EndProject
Project("{FAE04EC0-301F-11D3-BF4B-00C04F79EFBC}") = "AdventOfCode.Day20.Tests", "AdventOfCode.Day20.Tests\AdventOfCode.Day20.Tests.csproj", "{23818691-11AE-4C51-B268-7963E411DB16}"
EndProject
Project("{FAE04EC0-301F-11D3-BF4B-00C04F79EFBC}") = "AdventOfCode.Day20", "AdventOfCode.Day20\AdventOfCode.Day20.csproj", "{0E5909B4-C903-4581-BEF2-E0972D5EBA58}"
EndProject
Project("{FAE04EC0-301F-11D3-BF4B-00C04F79EFBC}") = "AdventOfCode.Day21", "AdventOfCode.Day21\AdventOfCode.Day21.csproj", "{8312F75A-E9B0-4071-B2C2-0796BE82E1BD}"
EndProject
Project("{FAE04EC0-301F-11D3-BF4B-00C04F79EFBC}") = "AdventOfCode.Day21.Tests", "AdventOfCode.Day21.Tests\AdventOfCode.Day21.Tests.csproj", "{1A6D930B-DDBB-4E26-B143-25CF143ECED8}"
EndProject
Project("{FAE04EC0-301F-11D3-BF4B-00C04F79EFBC}") = "AdventOfCode.Day22.Tests", "AdventOfCode.Day22.Tests\AdventOfCode.Day22.Tests.csproj", "{F0A0BD52-052D-4CA8-8138-3FD0E39CA706}"
EndProject
Project("{FAE04EC0-301F-11D3-BF4B-00C04F79EFBC}") = "AdventOfCode.Day22", "AdventOfCode.Day22\AdventOfCode.Day22.csproj", "{570E6276-A695-4E65-92C3-01E0ADE1352F}"
EndProject
Global
	GlobalSection(SolutionConfigurationPlatforms) = preSolution
		Debug|Any CPU = Debug|Any CPU
		Release|Any CPU = Release|Any CPU
	EndGlobalSection
	GlobalSection(ProjectConfigurationPlatforms) = postSolution
		{B3A760AB-7239-42D8-9186-2F76B372BF0E}.Debug|Any CPU.ActiveCfg = Debug|Any CPU
		{B3A760AB-7239-42D8-9186-2F76B372BF0E}.Debug|Any CPU.Build.0 = Debug|Any CPU
		{B3A760AB-7239-42D8-9186-2F76B372BF0E}.Release|Any CPU.ActiveCfg = Release|Any CPU
		{B3A760AB-7239-42D8-9186-2F76B372BF0E}.Release|Any CPU.Build.0 = Release|Any CPU
		{0A0721D9-C8DC-46D8-8E7C-31C4766B46E9}.Debug|Any CPU.ActiveCfg = Debug|Any CPU
		{0A0721D9-C8DC-46D8-8E7C-31C4766B46E9}.Debug|Any CPU.Build.0 = Debug|Any CPU
		{0A0721D9-C8DC-46D8-8E7C-31C4766B46E9}.Release|Any CPU.ActiveCfg = Release|Any CPU
		{0A0721D9-C8DC-46D8-8E7C-31C4766B46E9}.Release|Any CPU.Build.0 = Release|Any CPU
		{D263687F-E5A2-4BC5-85EA-535F35DED528}.Debug|Any CPU.ActiveCfg = Debug|Any CPU
		{D263687F-E5A2-4BC5-85EA-535F35DED528}.Debug|Any CPU.Build.0 = Debug|Any CPU
		{D263687F-E5A2-4BC5-85EA-535F35DED528}.Release|Any CPU.ActiveCfg = Release|Any CPU
		{D263687F-E5A2-4BC5-85EA-535F35DED528}.Release|Any CPU.Build.0 = Release|Any CPU
		{01F99879-8C4B-4D38-8F58-B1D8B79D3853}.Debug|Any CPU.ActiveCfg = Debug|Any CPU
		{01F99879-8C4B-4D38-8F58-B1D8B79D3853}.Debug|Any CPU.Build.0 = Debug|Any CPU
		{01F99879-8C4B-4D38-8F58-B1D8B79D3853}.Release|Any CPU.ActiveCfg = Release|Any CPU
		{01F99879-8C4B-4D38-8F58-B1D8B79D3853}.Release|Any CPU.Build.0 = Release|Any CPU
		{E077DAC5-28ED-4C6A-8E70-8503C15D2F1A}.Debug|Any CPU.ActiveCfg = Debug|Any CPU
		{E077DAC5-28ED-4C6A-8E70-8503C15D2F1A}.Debug|Any CPU.Build.0 = Debug|Any CPU
		{E077DAC5-28ED-4C6A-8E70-8503C15D2F1A}.Release|Any CPU.ActiveCfg = Release|Any CPU
		{E077DAC5-28ED-4C6A-8E70-8503C15D2F1A}.Release|Any CPU.Build.0 = Release|Any CPU
		{03E0471F-3C4B-4BB5-8DE8-3F36653ECB74}.Debug|Any CPU.ActiveCfg = Debug|Any CPU
		{03E0471F-3C4B-4BB5-8DE8-3F36653ECB74}.Debug|Any CPU.Build.0 = Debug|Any CPU
		{03E0471F-3C4B-4BB5-8DE8-3F36653ECB74}.Release|Any CPU.ActiveCfg = Release|Any CPU
		{03E0471F-3C4B-4BB5-8DE8-3F36653ECB74}.Release|Any CPU.Build.0 = Release|Any CPU
		{3211C657-6CDF-48D1-9678-5B8E6D35193D}.Debug|Any CPU.ActiveCfg = Debug|Any CPU
		{3211C657-6CDF-48D1-9678-5B8E6D35193D}.Debug|Any CPU.Build.0 = Debug|Any CPU
		{3211C657-6CDF-48D1-9678-5B8E6D35193D}.Release|Any CPU.ActiveCfg = Release|Any CPU
		{3211C657-6CDF-48D1-9678-5B8E6D35193D}.Release|Any CPU.Build.0 = Release|Any CPU
		{48137E44-B9D5-448D-96C1-135F94893564}.Debug|Any CPU.ActiveCfg = Debug|Any CPU
		{48137E44-B9D5-448D-96C1-135F94893564}.Debug|Any CPU.Build.0 = Debug|Any CPU
		{48137E44-B9D5-448D-96C1-135F94893564}.Release|Any CPU.ActiveCfg = Release|Any CPU
		{48137E44-B9D5-448D-96C1-135F94893564}.Release|Any CPU.Build.0 = Release|Any CPU
		{8F019D17-AB71-4D9C-BFD0-95EDDEDBD685}.Debug|Any CPU.ActiveCfg = Debug|Any CPU
		{8F019D17-AB71-4D9C-BFD0-95EDDEDBD685}.Debug|Any CPU.Build.0 = Debug|Any CPU
		{8F019D17-AB71-4D9C-BFD0-95EDDEDBD685}.Release|Any CPU.ActiveCfg = Release|Any CPU
		{8F019D17-AB71-4D9C-BFD0-95EDDEDBD685}.Release|Any CPU.Build.0 = Release|Any CPU
		{7F012E60-2116-455E-BC3D-84CF09AF4DEA}.Debug|Any CPU.ActiveCfg = Debug|Any CPU
		{7F012E60-2116-455E-BC3D-84CF09AF4DEA}.Debug|Any CPU.Build.0 = Debug|Any CPU
		{7F012E60-2116-455E-BC3D-84CF09AF4DEA}.Release|Any CPU.ActiveCfg = Release|Any CPU
		{7F012E60-2116-455E-BC3D-84CF09AF4DEA}.Release|Any CPU.Build.0 = Release|Any CPU
		{56FBCD70-DA76-4FA6-BD4D-1E3AEAC40ACB}.Debug|Any CPU.ActiveCfg = Debug|Any CPU
		{56FBCD70-DA76-4FA6-BD4D-1E3AEAC40ACB}.Debug|Any CPU.Build.0 = Debug|Any CPU
		{56FBCD70-DA76-4FA6-BD4D-1E3AEAC40ACB}.Release|Any CPU.ActiveCfg = Release|Any CPU
		{56FBCD70-DA76-4FA6-BD4D-1E3AEAC40ACB}.Release|Any CPU.Build.0 = Release|Any CPU
		{2A4DE5C3-7BA4-4742-86A8-7ABC44F74A1F}.Debug|Any CPU.ActiveCfg = Debug|Any CPU
		{2A4DE5C3-7BA4-4742-86A8-7ABC44F74A1F}.Debug|Any CPU.Build.0 = Debug|Any CPU
		{2A4DE5C3-7BA4-4742-86A8-7ABC44F74A1F}.Release|Any CPU.ActiveCfg = Release|Any CPU
		{2A4DE5C3-7BA4-4742-86A8-7ABC44F74A1F}.Release|Any CPU.Build.0 = Release|Any CPU
		{DB3756A4-1268-4184-86FE-B5922D388D68}.Debug|Any CPU.ActiveCfg = Debug|Any CPU
		{DB3756A4-1268-4184-86FE-B5922D388D68}.Debug|Any CPU.Build.0 = Debug|Any CPU
		{DB3756A4-1268-4184-86FE-B5922D388D68}.Release|Any CPU.ActiveCfg = Release|Any CPU
		{DB3756A4-1268-4184-86FE-B5922D388D68}.Release|Any CPU.Build.0 = Release|Any CPU
		{477710D0-B9B0-4B89-B88B-6FE9F8CFCE6B}.Debug|Any CPU.ActiveCfg = Debug|Any CPU
		{477710D0-B9B0-4B89-B88B-6FE9F8CFCE6B}.Debug|Any CPU.Build.0 = Debug|Any CPU
		{477710D0-B9B0-4B89-B88B-6FE9F8CFCE6B}.Release|Any CPU.ActiveCfg = Release|Any CPU
		{477710D0-B9B0-4B89-B88B-6FE9F8CFCE6B}.Release|Any CPU.Build.0 = Release|Any CPU
		{15CAEB48-E323-4933-AFBD-6102B992994A}.Debug|Any CPU.ActiveCfg = Debug|Any CPU
		{15CAEB48-E323-4933-AFBD-6102B992994A}.Debug|Any CPU.Build.0 = Debug|Any CPU
		{15CAEB48-E323-4933-AFBD-6102B992994A}.Release|Any CPU.ActiveCfg = Release|Any CPU
		{15CAEB48-E323-4933-AFBD-6102B992994A}.Release|Any CPU.Build.0 = Release|Any CPU
		{8293A89D-7A0C-44F0-BF67-05186F8431CB}.Debug|Any CPU.ActiveCfg = Debug|Any CPU
		{8293A89D-7A0C-44F0-BF67-05186F8431CB}.Debug|Any CPU.Build.0 = Debug|Any CPU
		{8293A89D-7A0C-44F0-BF67-05186F8431CB}.Release|Any CPU.ActiveCfg = Release|Any CPU
		{8293A89D-7A0C-44F0-BF67-05186F8431CB}.Release|Any CPU.Build.0 = Release|Any CPU
		{D2889B54-D7DF-42A0-B281-D247A463293E}.Debug|Any CPU.ActiveCfg = Debug|Any CPU
		{D2889B54-D7DF-42A0-B281-D247A463293E}.Debug|Any CPU.Build.0 = Debug|Any CPU
		{D2889B54-D7DF-42A0-B281-D247A463293E}.Release|Any CPU.ActiveCfg = Release|Any CPU
		{D2889B54-D7DF-42A0-B281-D247A463293E}.Release|Any CPU.Build.0 = Release|Any CPU
		{45A76704-BD26-44AD-BDDD-1B8417CFDA6B}.Debug|Any CPU.ActiveCfg = Debug|Any CPU
		{45A76704-BD26-44AD-BDDD-1B8417CFDA6B}.Debug|Any CPU.Build.0 = Debug|Any CPU
		{45A76704-BD26-44AD-BDDD-1B8417CFDA6B}.Release|Any CPU.ActiveCfg = Release|Any CPU
		{45A76704-BD26-44AD-BDDD-1B8417CFDA6B}.Release|Any CPU.Build.0 = Release|Any CPU
		{1021EA01-9F98-4645-8FB9-D3DAED95E772}.Debug|Any CPU.ActiveCfg = Debug|Any CPU
		{1021EA01-9F98-4645-8FB9-D3DAED95E772}.Debug|Any CPU.Build.0 = Debug|Any CPU
		{1021EA01-9F98-4645-8FB9-D3DAED95E772}.Release|Any CPU.ActiveCfg = Release|Any CPU
		{1021EA01-9F98-4645-8FB9-D3DAED95E772}.Release|Any CPU.Build.0 = Release|Any CPU
		{0ED9B9F3-C041-4955-A023-CFF7454FBE42}.Debug|Any CPU.ActiveCfg = Debug|Any CPU
		{0ED9B9F3-C041-4955-A023-CFF7454FBE42}.Debug|Any CPU.Build.0 = Debug|Any CPU
		{0ED9B9F3-C041-4955-A023-CFF7454FBE42}.Release|Any CPU.ActiveCfg = Release|Any CPU
		{0ED9B9F3-C041-4955-A023-CFF7454FBE42}.Release|Any CPU.Build.0 = Release|Any CPU
		{EF225602-4A76-4D4B-809E-69A2DB77EA2E}.Debug|Any CPU.ActiveCfg = Debug|Any CPU
		{EF225602-4A76-4D4B-809E-69A2DB77EA2E}.Debug|Any CPU.Build.0 = Debug|Any CPU
		{EF225602-4A76-4D4B-809E-69A2DB77EA2E}.Release|Any CPU.ActiveCfg = Release|Any CPU
		{EF225602-4A76-4D4B-809E-69A2DB77EA2E}.Release|Any CPU.Build.0 = Release|Any CPU
		{ED681354-8661-4786-B29D-38296C9F3545}.Debug|Any CPU.ActiveCfg = Debug|Any CPU
		{ED681354-8661-4786-B29D-38296C9F3545}.Debug|Any CPU.Build.0 = Debug|Any CPU
		{ED681354-8661-4786-B29D-38296C9F3545}.Release|Any CPU.ActiveCfg = Release|Any CPU
		{ED681354-8661-4786-B29D-38296C9F3545}.Release|Any CPU.Build.0 = Release|Any CPU
		{CFC08756-2F02-48F5-96F1-01C67E293FE8}.Debug|Any CPU.ActiveCfg = Debug|Any CPU
		{CFC08756-2F02-48F5-96F1-01C67E293FE8}.Debug|Any CPU.Build.0 = Debug|Any CPU
		{CFC08756-2F02-48F5-96F1-01C67E293FE8}.Release|Any CPU.ActiveCfg = Release|Any CPU
		{CFC08756-2F02-48F5-96F1-01C67E293FE8}.Release|Any CPU.Build.0 = Release|Any CPU
		{B5029341-3672-435C-BC99-5C989893300B}.Debug|Any CPU.ActiveCfg = Debug|Any CPU
		{B5029341-3672-435C-BC99-5C989893300B}.Debug|Any CPU.Build.0 = Debug|Any CPU
		{B5029341-3672-435C-BC99-5C989893300B}.Release|Any CPU.ActiveCfg = Release|Any CPU
		{B5029341-3672-435C-BC99-5C989893300B}.Release|Any CPU.Build.0 = Release|Any CPU
		{110EC23D-94B9-4A4B-8CA4-CC0D4851E48F}.Debug|Any CPU.ActiveCfg = Debug|Any CPU
		{110EC23D-94B9-4A4B-8CA4-CC0D4851E48F}.Debug|Any CPU.Build.0 = Debug|Any CPU
		{110EC23D-94B9-4A4B-8CA4-CC0D4851E48F}.Release|Any CPU.ActiveCfg = Release|Any CPU
		{110EC23D-94B9-4A4B-8CA4-CC0D4851E48F}.Release|Any CPU.Build.0 = Release|Any CPU
		{D4706138-50F9-4C3F-AB93-B367E62393BA}.Debug|Any CPU.ActiveCfg = Debug|Any CPU
		{D4706138-50F9-4C3F-AB93-B367E62393BA}.Debug|Any CPU.Build.0 = Debug|Any CPU
		{D4706138-50F9-4C3F-AB93-B367E62393BA}.Release|Any CPU.ActiveCfg = Release|Any CPU
		{D4706138-50F9-4C3F-AB93-B367E62393BA}.Release|Any CPU.Build.0 = Release|Any CPU
		{B6B3074E-2032-4607-A2BA-B6FD171DA29A}.Debug|Any CPU.ActiveCfg = Debug|Any CPU
		{B6B3074E-2032-4607-A2BA-B6FD171DA29A}.Debug|Any CPU.Build.0 = Debug|Any CPU
		{B6B3074E-2032-4607-A2BA-B6FD171DA29A}.Release|Any CPU.ActiveCfg = Release|Any CPU
		{B6B3074E-2032-4607-A2BA-B6FD171DA29A}.Release|Any CPU.Build.0 = Release|Any CPU
		{3A885240-9434-4D8D-AE62-EA6D85D75F03}.Debug|Any CPU.ActiveCfg = Debug|Any CPU
		{3A885240-9434-4D8D-AE62-EA6D85D75F03}.Debug|Any CPU.Build.0 = Debug|Any CPU
		{3A885240-9434-4D8D-AE62-EA6D85D75F03}.Release|Any CPU.ActiveCfg = Release|Any CPU
		{3A885240-9434-4D8D-AE62-EA6D85D75F03}.Release|Any CPU.Build.0 = Release|Any CPU
		{660DF4CC-482E-49E4-BB7C-5C2917B620CF}.Debug|Any CPU.ActiveCfg = Debug|Any CPU
		{660DF4CC-482E-49E4-BB7C-5C2917B620CF}.Debug|Any CPU.Build.0 = Debug|Any CPU
		{660DF4CC-482E-49E4-BB7C-5C2917B620CF}.Release|Any CPU.ActiveCfg = Release|Any CPU
		{660DF4CC-482E-49E4-BB7C-5C2917B620CF}.Release|Any CPU.Build.0 = Release|Any CPU
		{F77B81A8-4832-4951-992B-28E9A310CE52}.Debug|Any CPU.ActiveCfg = Debug|Any CPU
		{F77B81A8-4832-4951-992B-28E9A310CE52}.Debug|Any CPU.Build.0 = Debug|Any CPU
		{F77B81A8-4832-4951-992B-28E9A310CE52}.Release|Any CPU.ActiveCfg = Release|Any CPU
		{F77B81A8-4832-4951-992B-28E9A310CE52}.Release|Any CPU.Build.0 = Release|Any CPU
		{C4B7C62D-66EA-4A3B-8566-56BA57BD2A1D}.Debug|Any CPU.ActiveCfg = Debug|Any CPU
		{C4B7C62D-66EA-4A3B-8566-56BA57BD2A1D}.Debug|Any CPU.Build.0 = Debug|Any CPU
		{C4B7C62D-66EA-4A3B-8566-56BA57BD2A1D}.Release|Any CPU.ActiveCfg = Release|Any CPU
		{C4B7C62D-66EA-4A3B-8566-56BA57BD2A1D}.Release|Any CPU.Build.0 = Release|Any CPU
		{506F455B-73A8-4500-A5AB-30F5CF741137}.Debug|Any CPU.ActiveCfg = Debug|Any CPU
		{506F455B-73A8-4500-A5AB-30F5CF741137}.Debug|Any CPU.Build.0 = Debug|Any CPU
		{506F455B-73A8-4500-A5AB-30F5CF741137}.Release|Any CPU.ActiveCfg = Release|Any CPU
		{506F455B-73A8-4500-A5AB-30F5CF741137}.Release|Any CPU.Build.0 = Release|Any CPU
		{8EAC3C7A-B556-405B-8765-8FAA608EE96D}.Debug|Any CPU.ActiveCfg = Debug|Any CPU
		{8EAC3C7A-B556-405B-8765-8FAA608EE96D}.Debug|Any CPU.Build.0 = Debug|Any CPU
		{8EAC3C7A-B556-405B-8765-8FAA608EE96D}.Release|Any CPU.ActiveCfg = Release|Any CPU
		{8EAC3C7A-B556-405B-8765-8FAA608EE96D}.Release|Any CPU.Build.0 = Release|Any CPU
		{7F38BB82-00AA-43EC-8BC3-31657530EA15}.Debug|Any CPU.ActiveCfg = Debug|Any CPU
		{7F38BB82-00AA-43EC-8BC3-31657530EA15}.Debug|Any CPU.Build.0 = Debug|Any CPU
		{7F38BB82-00AA-43EC-8BC3-31657530EA15}.Release|Any CPU.ActiveCfg = Release|Any CPU
		{7F38BB82-00AA-43EC-8BC3-31657530EA15}.Release|Any CPU.Build.0 = Release|Any CPU
		{C381C7C9-2593-44DA-B0B6-13D7A5BC9F55}.Debug|Any CPU.ActiveCfg = Debug|Any CPU
		{C381C7C9-2593-44DA-B0B6-13D7A5BC9F55}.Debug|Any CPU.Build.0 = Debug|Any CPU
		{C381C7C9-2593-44DA-B0B6-13D7A5BC9F55}.Release|Any CPU.ActiveCfg = Release|Any CPU
		{C381C7C9-2593-44DA-B0B6-13D7A5BC9F55}.Release|Any CPU.Build.0 = Release|Any CPU
		{2EAA245C-04D5-4CC7-96FC-114301CBC455}.Debug|Any CPU.ActiveCfg = Debug|Any CPU
		{2EAA245C-04D5-4CC7-96FC-114301CBC455}.Debug|Any CPU.Build.0 = Debug|Any CPU
		{2EAA245C-04D5-4CC7-96FC-114301CBC455}.Release|Any CPU.ActiveCfg = Release|Any CPU
		{2EAA245C-04D5-4CC7-96FC-114301CBC455}.Release|Any CPU.Build.0 = Release|Any CPU
		{36D16CD7-43B2-4167-9B6E-3A7B5D7FE6F8}.Debug|Any CPU.ActiveCfg = Debug|Any CPU
		{36D16CD7-43B2-4167-9B6E-3A7B5D7FE6F8}.Debug|Any CPU.Build.0 = Debug|Any CPU
		{36D16CD7-43B2-4167-9B6E-3A7B5D7FE6F8}.Release|Any CPU.ActiveCfg = Release|Any CPU
		{36D16CD7-43B2-4167-9B6E-3A7B5D7FE6F8}.Release|Any CPU.Build.0 = Release|Any CPU
		{23818691-11AE-4C51-B268-7963E411DB16}.Debug|Any CPU.ActiveCfg = Debug|Any CPU
		{23818691-11AE-4C51-B268-7963E411DB16}.Debug|Any CPU.Build.0 = Debug|Any CPU
		{23818691-11AE-4C51-B268-7963E411DB16}.Release|Any CPU.ActiveCfg = Release|Any CPU
		{23818691-11AE-4C51-B268-7963E411DB16}.Release|Any CPU.Build.0 = Release|Any CPU
		{0E5909B4-C903-4581-BEF2-E0972D5EBA58}.Debug|Any CPU.ActiveCfg = Debug|Any CPU
		{0E5909B4-C903-4581-BEF2-E0972D5EBA58}.Debug|Any CPU.Build.0 = Debug|Any CPU
		{0E5909B4-C903-4581-BEF2-E0972D5EBA58}.Release|Any CPU.ActiveCfg = Release|Any CPU
		{0E5909B4-C903-4581-BEF2-E0972D5EBA58}.Release|Any CPU.Build.0 = Release|Any CPU
		{8312F75A-E9B0-4071-B2C2-0796BE82E1BD}.Debug|Any CPU.ActiveCfg = Debug|Any CPU
		{8312F75A-E9B0-4071-B2C2-0796BE82E1BD}.Debug|Any CPU.Build.0 = Debug|Any CPU
		{8312F75A-E9B0-4071-B2C2-0796BE82E1BD}.Release|Any CPU.ActiveCfg = Release|Any CPU
		{8312F75A-E9B0-4071-B2C2-0796BE82E1BD}.Release|Any CPU.Build.0 = Release|Any CPU
		{1A6D930B-DDBB-4E26-B143-25CF143ECED8}.Debug|Any CPU.ActiveCfg = Debug|Any CPU
		{1A6D930B-DDBB-4E26-B143-25CF143ECED8}.Debug|Any CPU.Build.0 = Debug|Any CPU
		{1A6D930B-DDBB-4E26-B143-25CF143ECED8}.Release|Any CPU.ActiveCfg = Release|Any CPU
		{1A6D930B-DDBB-4E26-B143-25CF143ECED8}.Release|Any CPU.Build.0 = Release|Any CPU
		{F0A0BD52-052D-4CA8-8138-3FD0E39CA706}.Debug|Any CPU.ActiveCfg = Debug|Any CPU
		{F0A0BD52-052D-4CA8-8138-3FD0E39CA706}.Debug|Any CPU.Build.0 = Debug|Any CPU
		{F0A0BD52-052D-4CA8-8138-3FD0E39CA706}.Release|Any CPU.ActiveCfg = Release|Any CPU
		{F0A0BD52-052D-4CA8-8138-3FD0E39CA706}.Release|Any CPU.Build.0 = Release|Any CPU
		{570E6276-A695-4E65-92C3-01E0ADE1352F}.Debug|Any CPU.ActiveCfg = Debug|Any CPU
		{570E6276-A695-4E65-92C3-01E0ADE1352F}.Debug|Any CPU.Build.0 = Debug|Any CPU
		{570E6276-A695-4E65-92C3-01E0ADE1352F}.Release|Any CPU.ActiveCfg = Release|Any CPU
		{570E6276-A695-4E65-92C3-01E0ADE1352F}.Release|Any CPU.Build.0 = Release|Any CPU
	EndGlobalSection
	GlobalSection(SolutionProperties) = preSolution
		HideSolutionNode = FALSE
	EndGlobalSection
EndGlobal
